
Microsoft Visual Studio Solution File, Format Version 12.00
# Visual Studio 15
VisualStudioVersion = 15.0.28307.271
MinimumVisualStudioVersion = 10.0.40219.1
Project("{FAE04EC0-301F-11D3-BF4B-00C04F79EFBC}") = "SandlerRanchMovies", "SandlerRanchMovies\SandlerRanchMovies.csproj", "{27CF3B65-FE09-4BA9-8A8D-3DEE6DC55904}"
EndProject
Global
	GlobalSection(SolutionConfigurationPlatforms) = preSolution
		Debug|Any CPU = Debug|Any CPU
		Release|Any CPU = Release|Any CPU
	EndGlobalSection
	GlobalSection(ProjectConfigurationPlatforms) = postSolution
		{27CF3B65-FE09-4BA9-8A8D-3DEE6DC55904}.Debug|Any CPU.ActiveCfg = Debug|Any CPU
		{27CF3B65-FE09-4BA9-8A8D-3DEE6DC55904}.Debug|Any CPU.Build.0 = Debug|Any CPU
		{27CF3B65-FE09-4BA9-8A8D-3DEE6DC55904}.Release|Any CPU.ActiveCfg = Release|Any CPU
		{27CF3B65-FE09-4BA9-8A8D-3DEE6DC55904}.Release|Any CPU.Build.0 = Release|Any CPU
	EndGlobalSection
	GlobalSection(SolutionProperties) = preSolution
		HideSolutionNode = FALSE
	EndGlobalSection
	GlobalSection(ExtensibilityGlobals) = postSolution
		SolutionGuid = {C8A01CE0-7691-403D-9549-1C008E7D4A34}
	EndGlobalSection
EndGlobal
